
Microsoft Visual Studio Solution File, Format Version 12.00
# Visual Studio Version 16
VisualStudioVersion = 16.0.30804.86
MinimumVisualStudioVersion = 10.0.40219.1
Project("{FAE04EC0-301F-11D3-BF4B-00C04F79EFBC}") = "PGWFunctions", "PGWFunctions.csproj", "{15B037F1-301D-429E-B86F-99C8AE14A4AB}"
EndProject
Global
	GlobalSection(SolutionConfigurationPlatforms) = preSolution
		Debug|Any CPU = Debug|Any CPU
		Release|Any CPU = Release|Any CPU
	EndGlobalSection
	GlobalSection(ProjectConfigurationPlatforms) = postSolution
		{15B037F1-301D-429E-B86F-99C8AE14A4AB}.Debug|Any CPU.ActiveCfg = Debug|Any CPU
		{15B037F1-301D-429E-B86F-99C8AE14A4AB}.Debug|Any CPU.Build.0 = Debug|Any CPU
		{15B037F1-301D-429E-B86F-99C8AE14A4AB}.Release|Any CPU.ActiveCfg = Release|Any CPU
		{15B037F1-301D-429E-B86F-99C8AE14A4AB}.Release|Any CPU.Build.0 = Release|Any CPU
	EndGlobalSection
	GlobalSection(SolutionProperties) = preSolution
		HideSolutionNode = FALSE
	EndGlobalSection
	GlobalSection(ExtensibilityGlobals) = postSolution
		SolutionGuid = {FF1E4CA6-CE93-4DB2-A3A8-E4B839BC2CCA}
	EndGlobalSection
EndGlobal
